
Microsoft Visual Studio Solution File, Format Version 12.00
# Visual Studio Version 16
VisualStudioVersion = 16.0.30225.117
MinimumVisualStudioVersion = 10.0.40219.1
Project("{FAE04EC0-301F-11D3-BF4B-00C04F79EFBC}") = "BracketsBrackets", "BracketsBrackets.csproj", "{F81AF542-FB56-4F72-A723-E0038BAA58BB}"
EndProject
Global
	GlobalSection(SolutionConfigurationPlatforms) = preSolution
		Debug|Any CPU = Debug|Any CPU
		Release|Any CPU = Release|Any CPU
	EndGlobalSection
	GlobalSection(ProjectConfigurationPlatforms) = postSolution
		{F81AF542-FB56-4F72-A723-E0038BAA58BB}.Debug|Any CPU.ActiveCfg = Debug|Any CPU
		{F81AF542-FB56-4F72-A723-E0038BAA58BB}.Debug|Any CPU.Build.0 = Debug|Any CPU
		{F81AF542-FB56-4F72-A723-E0038BAA58BB}.Release|Any CPU.ActiveCfg = Release|Any CPU
		{F81AF542-FB56-4F72-A723-E0038BAA58BB}.Release|Any CPU.Build.0 = Release|Any CPU
	EndGlobalSection
	GlobalSection(SolutionProperties) = preSolution
		HideSolutionNode = FALSE
	EndGlobalSection
	GlobalSection(ExtensibilityGlobals) = postSolution
		SolutionGuid = {8BEA00AD-912B-4A7C-A5FD-E30BED816E4B}
	EndGlobalSection
EndGlobal
